
<<<<<<< HEAD
Microsoft Visual Studio Solution File, Format Version 12.00
# Visual Studio 2017
Project("{FAE04EC0-301F-11D3-BF4B-00C04F79EFBC}") = "DonBohno", "DonBohno.csproj", "{8C7F5C28-7791-5636-2653-B3DA9CB47EEF}"
=======
Microsoft Visual Studio Solution File, Format Version 11.00
# Visual Studio 2010
Project("{FAE04EC0-301F-11D3-BF4B-00C04F79EFBC}") = "DonBohno", "Assembly-CSharp.csproj", "{597FA56C-4AFE-B3EB-1924-2747FFC51093}"
>>>>>>> 125fefe3f7f62ba6e8bbb3b4127e5045951d0e9f
EndProject
Global
	GlobalSection(SolutionConfigurationPlatforms) = preSolution
		Debug|Any CPU = Debug|Any CPU
		Release|Any CPU = Release|Any CPU
	EndGlobalSection
	GlobalSection(ProjectConfigurationPlatforms) = postSolution
<<<<<<< HEAD
		{8C7F5C28-7791-5636-2653-B3DA9CB47EEF}.Debug|Any CPU.ActiveCfg = Debug|Any CPU
		{8C7F5C28-7791-5636-2653-B3DA9CB47EEF}.Debug|Any CPU.Build.0 = Debug|Any CPU
		{8C7F5C28-7791-5636-2653-B3DA9CB47EEF}.Release|Any CPU.ActiveCfg = Release|Any CPU
		{8C7F5C28-7791-5636-2653-B3DA9CB47EEF}.Release|Any CPU.Build.0 = Release|Any CPU
=======
		{597FA56C-4AFE-B3EB-1924-2747FFC51093}.Debug|Any CPU.ActiveCfg = Debug|Any CPU
		{597FA56C-4AFE-B3EB-1924-2747FFC51093}.Debug|Any CPU.Build.0 = Debug|Any CPU
		{597FA56C-4AFE-B3EB-1924-2747FFC51093}.Release|Any CPU.ActiveCfg = Release|Any CPU
		{597FA56C-4AFE-B3EB-1924-2747FFC51093}.Release|Any CPU.Build.0 = Release|Any CPU
>>>>>>> 125fefe3f7f62ba6e8bbb3b4127e5045951d0e9f
	EndGlobalSection
	GlobalSection(SolutionProperties) = preSolution
		HideSolutionNode = FALSE
	EndGlobalSection
<<<<<<< HEAD
=======
	GlobalSection(MonoDevelopProperties) = preSolution
		StartupItem = Assembly-CSharp.csproj
	EndGlobalSection
>>>>>>> 125fefe3f7f62ba6e8bbb3b4127e5045951d0e9f
EndGlobal
